
Microsoft Visual Studio Solution File, Format Version 12.00
# Visual Studio Version 16
VisualStudioVersion = 16.0.30503.244
MinimumVisualStudioVersion = 10.0.40219.1
Project("{FAE04EC0-301F-11D3-BF4B-00C04F79EFBC}") = "ControllerExtensibility_small", "ControllerExtensibility\ControllerExtensibility_small.csproj", "{D4591585-25D7-4477-B530-88CF58B023B4}"
EndProject
Project("{FAE04EC0-301F-11D3-BF4B-00C04F79EFBC}") = "ControllerExtensibility", "..\..\Users\Tyler\source\repos\ControllerExtensibility\ControllerExtensibility\ControllerExtensibility.csproj", "{A0190BD3-E8E8-4E17-AD0A-450AE1885E96}"
EndProject
Project("{FAE04EC0-301F-11D3-BF4B-00C04F79EFBC}") = "WebApp-MVC-test", "..\..\Users\Tyler\source\repos\WebApp-MVC-test\WebApp-MVC-test\WebApp-MVC-test.csproj", "{8C38370A-94C3-4C78-B79E-77A07BB008F8}"
EndProject
Global
	GlobalSection(SolutionConfigurationPlatforms) = preSolution
		Debug|Any CPU = Debug|Any CPU
		Release|Any CPU = Release|Any CPU
	EndGlobalSection
	GlobalSection(ProjectConfigurationPlatforms) = postSolution
		{D4591585-25D7-4477-B530-88CF58B023B4}.Debug|Any CPU.ActiveCfg = Debug|Any CPU
		{D4591585-25D7-4477-B530-88CF58B023B4}.Debug|Any CPU.Build.0 = Debug|Any CPU
		{D4591585-25D7-4477-B530-88CF58B023B4}.Release|Any CPU.ActiveCfg = Release|Any CPU
		{D4591585-25D7-4477-B530-88CF58B023B4}.Release|Any CPU.Build.0 = Release|Any CPU
		{A0190BD3-E8E8-4E17-AD0A-450AE1885E96}.Debug|Any CPU.ActiveCfg = Debug|Any CPU
		{A0190BD3-E8E8-4E17-AD0A-450AE1885E96}.Debug|Any CPU.Build.0 = Debug|Any CPU
		{A0190BD3-E8E8-4E17-AD0A-450AE1885E96}.Release|Any CPU.ActiveCfg = Release|Any CPU
		{A0190BD3-E8E8-4E17-AD0A-450AE1885E96}.Release|Any CPU.Build.0 = Release|Any CPU
		{8C38370A-94C3-4C78-B79E-77A07BB008F8}.Debug|Any CPU.ActiveCfg = Debug|Any CPU
		{8C38370A-94C3-4C78-B79E-77A07BB008F8}.Debug|Any CPU.Build.0 = Debug|Any CPU
		{8C38370A-94C3-4C78-B79E-77A07BB008F8}.Release|Any CPU.ActiveCfg = Release|Any CPU
		{8C38370A-94C3-4C78-B79E-77A07BB008F8}.Release|Any CPU.Build.0 = Release|Any CPU
	EndGlobalSection
	GlobalSection(SolutionProperties) = preSolution
		HideSolutionNode = FALSE
	EndGlobalSection
	GlobalSection(ExtensibilityGlobals) = postSolution
		SolutionGuid = {14A6AC5F-2EDF-4CDB-A4D7-2E2E1174F995}
	EndGlobalSection
EndGlobal
